schema: '2.0'
stages:
  load_data:
    cmd: python3 src/load_data.py --config=params.yaml
    deps:
    - path: data_given/winequality.csv
      md5: ccc8d3507eb151f53f760d36abdef888
      size: 91998
    - path: src/get_data.py
      md5: d23d95c5c83382bcfdc02b4f40f426a5
      size: 698
    - path: src/load_data.py
      md5: 496d07ecb41e3e1946fbaa59a8062671
      size: 623
    outs:
    - path: data/row/winequality.csv
      md5: d98e8f2eca228c11c4de1cc96866a54d
      size: 91998
